
Microsoft Visual Studio Solution File, Format Version 12.00
# Visual Studio 14
VisualStudioVersion = 14.0.25420.1
MinimumVisualStudioVersion = 10.0.40219.1
Project("{FAE04EC0-301F-11D3-BF4B-00C04F79EFBC}") = "SafeHome", "SafeHome\SafeHome.csproj", "{8D9BFA68-71B9-4F5A-8708-6393B434D42A}"
EndProject
Project("{FAE04EC0-301F-11D3-BF4B-00C04F79EFBC}") = "SafeHomeTest", "SafeHomeTest\SafeHomeTest.csproj", "{0EF5C985-D388-4555-AB75-9DC87541AA95}"
EndProject
Project("{FAE04EC0-301F-11D3-BF4B-00C04F79EFBC}") = "SensorEmulator", "SensorEmulator\SensorEmulator.csproj", "{47608B47-FE4A-4745-BE3A-10C2AFA1E12A}"
EndProject
Global
	GlobalSection(SolutionConfigurationPlatforms) = preSolution
		Debug|Any CPU = Debug|Any CPU
		Release|Any CPU = Release|Any CPU
	EndGlobalSection
	GlobalSection(ProjectConfigurationPlatforms) = postSolution
		{8D9BFA68-71B9-4F5A-8708-6393B434D42A}.Debug|Any CPU.ActiveCfg = Debug|Any CPU
		{8D9BFA68-71B9-4F5A-8708-6393B434D42A}.Debug|Any CPU.Build.0 = Debug|Any CPU
		{8D9BFA68-71B9-4F5A-8708-6393B434D42A}.Release|Any CPU.ActiveCfg = Release|Any CPU
		{8D9BFA68-71B9-4F5A-8708-6393B434D42A}.Release|Any CPU.Build.0 = Release|Any CPU
		{0EF5C985-D388-4555-AB75-9DC87541AA95}.Debug|Any CPU.ActiveCfg = Debug|Any CPU
		{0EF5C985-D388-4555-AB75-9DC87541AA95}.Debug|Any CPU.Build.0 = Debug|Any CPU
		{0EF5C985-D388-4555-AB75-9DC87541AA95}.Release|Any CPU.ActiveCfg = Release|Any CPU
		{0EF5C985-D388-4555-AB75-9DC87541AA95}.Release|Any CPU.Build.0 = Release|Any CPU
		{47608B47-FE4A-4745-BE3A-10C2AFA1E12A}.Debug|Any CPU.ActiveCfg = Debug|Any CPU
		{47608B47-FE4A-4745-BE3A-10C2AFA1E12A}.Debug|Any CPU.Build.0 = Debug|Any CPU
		{47608B47-FE4A-4745-BE3A-10C2AFA1E12A}.Release|Any CPU.ActiveCfg = Release|Any CPU
		{47608B47-FE4A-4745-BE3A-10C2AFA1E12A}.Release|Any CPU.Build.0 = Release|Any CPU
	EndGlobalSection
	GlobalSection(SolutionProperties) = preSolution
		HideSolutionNode = FALSE
	EndGlobalSection
EndGlobal
